// !$*UTF8*$!
{
	archiveVersion = 1;
	classes = {
	};
	objectVersion = 46;
	objects = {

/* Begin PBXBuildFile section */
		347AB9D21DE167F300C439A3 /* AppDelegate.swift in Sources */ = {isa = PBXBuildFile; fileRef = 347AB9D11DE167F300C439A3 /* AppDelegate.swift */; };
		347AB9D41DE167F300C439A3 /* ViewController.swift in Sources */ = {isa = PBXBuildFile; fileRef = 347AB9D31DE167F300C439A3 /* ViewController.swift */; };
		347AB9D71DE167F300C439A3 /* Main.storyboard in Resources */ = {isa = PBXBuildFile; fileRef = 347AB9D51DE167F300C439A3 /* Main.storyboard */; };
		347AB9D91DE167F300C439A3 /* Assets.xcassets in Resources */ = {isa = PBXBuildFile; fileRef = 347AB9D81DE167F300C439A3 /* Assets.xcassets */; };
		347AB9DC1DE167F300C439A3 /* LaunchScreen.storyboard in Resources */ = {isa = PBXBuildFile; fileRef = 347AB9DA1DE167F300C439A3 /* LaunchScreen.storyboard */; };
		347AB9E71DE167F300C439A3 /* SaveTheKittensTests.swift in Sources */ = {isa = PBXBuildFile; fileRef = 347AB9E61DE167F300C439A3 /* SaveTheKittensTests.swift */; };
		347AB9F21DE167F300C439A3 /* SaveTheKittensUITests.swift in Sources */ = {isa = PBXBuildFile; fileRef = 347AB9F11DE167F300C439A3 /* SaveTheKittensUITests.swift */; };
/* End PBXBuildFile section */

/* Begin PBXContainerItemProxy section */
		347AB9E31DE167F300C439A3 /* PBXContainerItemProxy */ = {
			isa = PBXContainerItemProxy;
			containerPortal = 347AB9C61DE167F200C439A3 /* Project object */;
			proxyType = 1;
			remoteGlobalIDString = 347AB9CD1DE167F300C439A3;
			remoteInfo = SaveTheKittens;
		};
		347AB9EE1DE167F300C439A3 /* PBXContainerItemProxy */ = {
			isa = PBXContainerItemProxy;
			containerPortal = 347AB9C61DE167F200C439A3 /* Project object */;
			proxyType = 1;
			remoteGlobalIDString = 347AB9CD1DE167F300C439A3;
			remoteInfo = SaveTheKittens;
		};
/* End PBXContainerItemProxy section */

/* Begin PBXFileReference section */
		347AB9CE1DE167F300C439A3 /* SaveTheKittens.app */ = {isa = PBXFileReference; explicitFileType = wrapper.application; includeInIndex = 0; path = SaveTheKittens.app; sourceTree = BUILT_PRODUCTS_DIR; };
		347AB9D11DE167F300C439A3 /* AppDelegate.swift */ = {isa = PBXFileReference; lastKnownFileType = sourcecode.swift; path = AppDelegate.swift; sourceTree = "<group>"; };
		347AB9D31DE167F300C439A3 /* ViewController.swift */ = {isa = PBXFileReference; lastKnownFileType = sourcecode.swift; path = ViewController.swift; sourceTree = "<group>"; };
		347AB9D61DE167F300C439A3 /* Base */ = {isa = PBXFileReference; lastKnownFileType = file.storyboard; name = Base; path = Base.lproj/Main.storyboard; sourceTree = "<group>"; };
		347AB9D81DE167F300C439A3 /* Assets.xcassets */ = {isa = PBXFileReference; lastKnownFileType = folder.assetcatalog; path = Assets.xcassets; sourceTree = "<group>"; };
		347AB9DB1DE167F300C439A3 /* Base */ = {isa = PBXFileReference; lastKnownFileType = file.storyboard; name = Base; path = Base.lproj/LaunchScreen.storyboard; sourceTree = "<group>"; };
		347AB9DD1DE167F300C439A3 /* Info.plist */ = {isa = PBXFileReference; lastKnownFileType = text.plist.xml; path = Info.plist; sourceTree = "<group>"; };
		347AB9E21DE167F300C439A3 /* SaveTheKittensTests.xctest */ = {isa = PBXFileReference; explicitFileType = wrapper.cfbundle; includeInIndex = 0; path = SaveTheKittensTests.xctest; sourceTree = BUILT_PRODUCTS_DIR; };
		347AB9E61DE167F300C439A3 /* SaveTheKittensTests.swift */ = {isa = PBXFileReference; lastKnownFileType = sourcecode.swift; path = SaveTheKittensTests.swift; sourceTree = "<group>"; };
		347AB9E81DE167F300C439A3 /* Info.plist */ = {isa = PBXFileReference; lastKnownFileType = text.plist.xml; path = Info.plist; sourceTree = "<group>"; };
		347AB9ED1DE167F300C439A3 /* SaveTheKittensUITests.xctest */ = {isa = PBXFileReference; explicitFileType = wrapper.cfbundle; includeInIndex = 0; path = SaveTheKittensUITests.xctest; sourceTree = BUILT_PRODUCTS_DIR; };
		347AB9F11DE167F300C439A3 /* SaveTheKittensUITests.swift */ = {isa = PBXFileReference; lastKnownFileType = sourcecode.swift; path = SaveTheKittensUITests.swift; sourceTree = "<group>"; };
		347AB9F31DE167F300C439A3 /* Info.plist */ = {isa = PBXFileReference; lastKnownFileType = text.plist.xml; path = Info.plist; sourceTree = "<group>"; };
/* End PBXFileReference section */

/* Begin PBXFrameworksBuildPhase section */
		347AB9CB1DE167F300C439A3 /* Frameworks */ = {
			isa = PBXFrameworksBuildPhase;
			buildActionMask = 2147483647;
			files = (
			);
			runOnlyForDeploymentPostprocessing = 0;
		};
		347AB9DF1DE167F300C439A3 /* Frameworks */ = {
			isa = PBXFrameworksBuildPhase;
			buildActionMask = 2147483647;
			files = (
			);
			runOnlyForDeploymentPostprocessing = 0;
		};
		347AB9EA1DE167F300C439A3 /* Frameworks */ = {
			isa = PBXFrameworksBuildPhase;
			buildActionMask = 2147483647;
			files = (
			);
			runOnlyForDeploymentPostprocessing = 0;
		};
/* End PBXFrameworksBuildPhase section */

/* Begin PBXGroup section */
		347AB9C51DE167F200C439A3 = {
			isa = PBXGroup;
			children = (
				347AB9D01DE167F300C439A3 /* SaveTheKittens */,
				347AB9E51DE167F300C439A3 /* SaveTheKittensTests */,
				347AB9F01DE167F300C439A3 /* SaveTheKittensUITests */,
				347AB9CF1DE167F300C439A3 /* Products */,
			);
			sourceTree = "<group>";
		};
		347AB9CF1DE167F300C439A3 /* Products */ = {
			isa = PBXGroup;
			children = (
				347AB9CE1DE167F300C439A3 /* SaveTheKittens.app */,
				347AB9E21DE167F300C439A3 /* SaveTheKittensTests.xctest */,
				347AB9ED1DE167F300C439A3 /* SaveTheKittensUITests.xctest */,
			);
			name = Products;
			sourceTree = "<group>";
		};
		347AB9D01DE167F300C439A3 /* SaveTheKittens */ = {
			isa = PBXGroup;
			children = (
				347AB9D11DE167F300C439A3 /* AppDelegate.swift */,
				347AB9D31DE167F300C439A3 /* ViewController.swift */,
				347AB9D51DE167F300C439A3 /* Main.storyboard */,
				347AB9D81DE167F300C439A3 /* Assets.xcassets */,
				347AB9DA1DE167F300C439A3 /* LaunchScreen.storyboard */,
				347AB9DD1DE167F300C439A3 /* Info.plist */,
			);
			path = SaveTheKittens;
			sourceTree = "<group>";
		};
		347AB9E51DE167F300C439A3 /* SaveTheKittensTests */ = {
			isa = PBXGroup;
			children = (
				347AB9E61DE167F300C439A3 /* SaveTheKittensTests.swift */,
				347AB9E81DE167F300C439A3 /* Info.plist */,
			);
			path = SaveTheKittensTests;
			sourceTree = "<group>";
		};
		347AB9F01DE167F300C439A3 /* SaveTheKittensUITests */ = {
			isa = PBXGroup;
			children = (
				347AB9F11DE167F300C439A3 /* SaveTheKittensUITests.swift */,
				347AB9F31DE167F300C439A3 /* Info.plist */,
			);
			path = SaveTheKittensUITests;
			sourceTree = "<group>";
		};
/* End PBXGroup section */

/* Begin PBXNativeTarget section */
		347AB9CD1DE167F300C439A3 /* SaveTheKittens */ = {
			isa = PBXNativeTarget;
			buildConfigurationList = 347AB9F61DE167F300C439A3 /* Build configuration list for PBXNativeTarget "SaveTheKittens" */;
			buildPhases = (
				347AB9CA1DE167F300C439A3 /* Sources */,
				347AB9CB1DE167F300C439A3 /* Frameworks */,
				347AB9CC1DE167F300C439A3 /* Resources */,
			);
			buildRules = (
			);
			dependencies = (
			);
			name = SaveTheKittens;
			productName = SaveTheKittens;
			productReference = 347AB9CE1DE167F300C439A3 /* SaveTheKittens.app */;
			productType = "com.apple.product-type.application";
		};
		347AB9E11DE167F300C439A3 /* SaveTheKittensTests */ = {
			isa = PBXNativeTarget;
			buildConfigurationList = 347AB9F91DE167F300C439A3 /* Build configuration list for PBXNativeTarget "SaveTheKittensTests" */;
			buildPhases = (
				347AB9DE1DE167F300C439A3 /* Sources */,
				347AB9DF1DE167F300C439A3 /* Frameworks */,
				347AB9E01DE167F300C439A3 /* Resources */,
			);
			buildRules = (
			);
			dependencies = (
				347AB9E41DE167F300C439A3 /* PBXTargetDependency */,
			);
			name = SaveTheKittensTests;
			productName = SaveTheKittensTests;
			productReference = 347AB9E21DE167F300C439A3 /* SaveTheKittensTests.xctest */;
			productType = "com.apple.product-type.bundle.unit-test";
		};
		347AB9EC1DE167F300C439A3 /* SaveTheKittensUITests */ = {
			isa = PBXNativeTarget;
			buildConfigurationList = 347AB9FC1DE167F300C439A3 /* Build configuration list for PBXNativeTarget "SaveTheKittensUITests" */;
			buildPhases = (
				347AB9E91DE167F300C439A3 /* Sources */,
				347AB9EA1DE167F300C439A3 /* Frameworks */,
				347AB9EB1DE167F300C439A3 /* Resources */,
			);
			buildRules = (
			);
			dependencies = (
				347AB9EF1DE167F300C439A3 /* PBXTargetDependency */,
			);
			name = SaveTheKittensUITests;
			productName = SaveTheKittensUITests;
			productReference = 347AB9ED1DE167F300C439A3 /* SaveTheKittensUITests.xctest */;
			productType = "com.apple.product-type.bundle.ui-testing";
		};
/* End PBXNativeTarget section */

/* Begin PBXProject section */
		347AB9C61DE167F200C439A3 /* Project object */ = {
			isa = PBXProject;
			attributes = {
				LastSwiftUpdateCheck = 0810;
				LastUpgradeCheck = 0810;
				ORGANIZATIONNAME = "Matthew Brackenridge";
				TargetAttributes = {
					347AB9CD1DE167F300C439A3 = {
						CreatedOnToolsVersion = 8.1;
						ProvisioningStyle = Automatic;
					};
					347AB9E11DE167F300C439A3 = {
						CreatedOnToolsVersion = 8.1;
						ProvisioningStyle = Automatic;
						TestTargetID = 347AB9CD1DE167F300C439A3;
					};
					347AB9EC1DE167F300C439A3 = {
						CreatedOnToolsVersion = 8.1;
						ProvisioningStyle = Automatic;
						TestTargetID = 347AB9CD1DE167F300C439A3;
					};
				};
			};
			buildConfigurationList = 347AB9C91DE167F200C439A3 /* Build configuration list for PBXProject "SaveTheKittens" */;
			compatibilityVersion = "Xcode 3.2";
			developmentRegion = English;
			hasScannedForEncodings = 0;
			knownRegions = (
				en,
				Base,
			);
			mainGroup = 347AB9C51DE167F200C439A3;
			productRefGroup = 347AB9CF1DE167F300C439A3 /* Products */;
			projectDirPath = "";
			projectRoot = "";
			targets = (
				347AB9CD1DE167F300C439A3 /* SaveTheKittens */,
				347AB9E11DE167F300C439A3 /* SaveTheKittensTests */,
				347AB9EC1DE167F300C439A3 /* SaveTheKittensUITests */,
			);
		};
/* End PBXProject section */

/* Begin PBXResourcesBuildPhase section */
		347AB9CC1DE167F300C439A3 /* Resources */ = {
			isa = PBXResourcesBuildPhase;
			buildActionMask = 2147483647;
			files = (
				347AB9DC1DE167F300C439A3 /* LaunchScreen.storyboard in Resources */,
				347AB9D91DE167F300C439A3 /* Assets.xcassets in Resources */,
				347AB9D71DE167F300C439A3 /* Main.storyboard in Resources */,
			);
			runOnlyForDeploymentPostprocessing = 0;
		};
		347AB9E01DE167F300C439A3 /* Resources */ = {
			isa = PBXResourcesBuildPhase;
			buildActionMask = 2147483647;
			files = (
			);
			runOnlyForDeploymentPostprocessing = 0;
		};
		347AB9EB1DE167F300C439A3 /* Resources */ = {
			isa = PBXResourcesBuildPhase;
			buildActionMask = 2147483647;
			files = (
			);
			runOnlyForDeploymentPostprocessing = 0;
		};
/* End PBXResourcesBuildPhase section */

/* Begin PBXSourcesBuildPhase section */
		347AB9CA1DE167F300C439A3 /* Sources */ = {
			isa = PBXSourcesBuildPhase;
			buildActionMask = 2147483647;
			files = (
				347AB9D41DE167F300C439A3 /* ViewController.swift in Sources */,
				347AB9D21DE167F300C439A3 /* AppDelegate.swift in Sources */,
			);
			runOnlyForDeploymentPostprocessing = 0;
		};
		347AB9DE1DE167F300C439A3 /* Sources */ = {
			isa = PBXSourcesBuildPhase;
			buildActionMask = 2147483647;
			files = (
				347AB9E71DE167F300C439A3 /* SaveTheKittensTests.swift in Sources */,
			);
			runOnlyForDeploymentPostprocessing = 0;
		};
		347AB9E91DE167F300C439A3 /* Sources */ = {
			isa = PBXSourcesBuildPhase;
			buildActionMask = 2147483647;
			files = (
				347AB9F21DE167F300C439A3 /* SaveTheKittensUITests.swift in Sources */,
			);
			runOnlyForDeploymentPostprocessing = 0;
		};
/* End PBXSourcesBuildPhase section */

/* Begin PBXTargetDependency section */
		347AB9E41DE167F300C439A3 /* PBXTargetDependency */ = {
			isa = PBXTargetDependency;
			target = 347AB9CD1DE167F300C439A3 /* SaveTheKittens */;
			targetProxy = 347AB9E31DE167F300C439A3 /* PBXContainerItemProxy */;
		};
		347AB9EF1DE167F300C439A3 /* PBXTargetDependency */ = {
			isa = PBXTargetDependency;
			target = 347AB9CD1DE167F300C439A3 /* SaveTheKittens */;
			targetProxy = 347AB9EE1DE167F300C439A3 /* PBXContainerItemProxy */;
		};
/* End PBXTargetDependency section */

/* Begin PBXVariantGroup section */
		347AB9D51DE167F300C439A3 /* Main.storyboard */ = {
			isa = PBXVariantGroup;
			children = (
				347AB9D61DE167F300C439A3 /* Base */,
			);
			name = Main.storyboard;
			sourceTree = "<group>";
		};
		347AB9DA1DE167F300C439A3 /* LaunchScreen.storyboard */ = {
			isa = PBXVariantGroup;
			children = (
				347AB9DB1DE167F300C439A3 /* Base */,
			);
			name = LaunchScreen.storyboard;
			sourceTree = "<group>";
		};
/* End PBXVariantGroup section */

/* Begin XCBuildConfiguration section */
		347AB9F41DE167F300C439A3 /* Debug */ = {
			isa = XCBuildConfiguration;
			buildSettings = {
				ALWAYS_SEARCH_USER_PATHS = NO;
				CLANG_ANALYZER_NONNULL = YES;
				CLANG_CXX_LANGUAGE_STANDARD = "gnu++0x";
				CLANG_CXX_LIBRARY = "libc++";
				CLANG_ENABLE_MODULES = YES;
				CLANG_ENABLE_OBJC_ARC = YES;
				CLANG_WARN_BOOL_CONVERSION = YES;
				CLANG_WARN_CONSTANT_CONVERSION = YES;
				CLANG_WARN_DIRECT_OBJC_ISA_USAGE = YES_ERROR;
				CLANG_WARN_DOCUMENTATION_COMMENTS = YES;
				CLANG_WARN_EMPTY_BODY = YES;
				CLANG_WARN_ENUM_CONVERSION = YES;
				CLANG_WARN_INFINITE_RECURSION = YES;
				CLANG_WARN_INT_CONVERSION = YES;
				CLANG_WARN_OBJC_ROOT_CLASS = YES_ERROR;
				CLANG_WARN_SUSPICIOUS_MOVES = YES;
				CLANG_WARN_UNREACHABLE_CODE = YES;
				CLANG_WARN__DUPLICATE_METHOD_MATCH = YES;
				"CODE_SIGN_IDENTITY[sdk=iphoneos*]" = "iPhone Developer";
				COPY_PHASE_STRIP = NO;
				DEBUG_INFORMATION_FORMAT = dwarf;
				ENABLE_STRICT_OBJC_MSGSEND = YES;
				ENABLE_TESTABILITY = YES;
				GCC_C_LANGUAGE_STANDARD = gnu99;
				GCC_DYNAMIC_NO_PIC = NO;
				GCC_NO_COMMON_BLOCKS = YES;
				GCC_OPTIMIZATION_LEVEL = 0;
				GCC_PREPROCESSOR_DEFINITIONS = (
					"DEBUG=1",
					"$(inherited)",
				);
				GCC_WARN_64_TO_32_BIT_CONVERSION = YES;
				GCC_WARN_ABOUT_RETURN_TYPE = YES_ERROR;
				GCC_WARN_UNDECLARED_SELECTOR = YES;
				GCC_WARN_UNINITIALIZED_AUTOS = YES_AGGRESSIVE;
				GCC_WARN_UNUSED_FUNCTION = YES;
				GCC_WARN_UNUSED_VARIABLE = YES;
				IPHONEOS_DEPLOYMENT_TARGET = 10.1;
				MTL_ENABLE_DEBUG_INFO = YES;
				ONLY_ACTIVE_ARCH = YES;
				SDKROOT = iphoneos;
				SWIFT_ACTIVE_COMPILATION_CONDITIONS = DEBUG;
				SWIFT_OPTIMIZATION_LEVEL = "-Onone";
				TARGETED_DEVICE_FAMILY = "1,2";
			};
			name = Debug;
		};
		347AB9F51DE167F300C439A3 /* Release */ = {
			isa = XCBuildConfiguration;
			buildSettings = {
				ALWAYS_SEARCH_USER_PATHS = NO;
				CLANG_ANALYZER_NONNULL = YES;
				CLANG_CXX_LANGUAGE_STANDARD = "gnu++0x";
				CLANG_CXX_LIBRARY = "libc++";
				CLANG_ENABLE_MODULES = YES;
				CLANG_ENABLE_OBJC_ARC = YES;
				CLANG_WARN_BOOL_CONVERSION = YES;
				CLANG_WARN_CONSTANT_CONVERSION = YES;
				CLANG_WARN_DIRECT_OBJC_ISA_USAGE = YES_ERROR;
				CLANG_WARN_DOCUMENTATION_COMMENTS = YES;
				CLANG_WARN_EMPTY_BODY = YES;
				CLANG_WARN_ENUM_CONVERSION = YES;
				CLANG_WARN_INFINITE_RECURSION = YES;
				CLANG_WARN_INT_CONVERSION = YES;
				CLANG_WARN_OBJC_ROOT_CLASS = YES_ERROR;
				CLANG_WARN_SUSPICIOUS_MOVES = YES;
				CLANG_WARN_UNREACHABLE_CODE = YES;
				CLANG_WARN__DUPLICATE_METHOD_MATCH = YES;
				"CODE_SIGN_IDENTITY[sdk=iphoneos*]" = "iPhone Developer";
				COPY_PHASE_STRIP = NO;
				DEBUG_INFORMATION_FORMAT = "dwarf-with-dsym";
				ENABLE_NS_ASSERTIONS = NO;
				ENABLE_STRICT_OBJC_MSGSEND = YES;
				GCC_C_LANGUAGE_STANDARD = gnu99;
				GCC_NO_COMMON_BLOCKS = YES;
				GCC_WARN_64_TO_32_BIT_CONVERSION = YES;
				GCC_WARN_ABOUT_RETURN_TYPE = YES_ERROR;
				GCC_WARN_UNDECLARED_SELECTOR = YES;
				GCC_WARN_UNINITIALIZED_AUTOS = YES_AGGRESSIVE;
				GCC_WARN_UNUSED_FUNCTION = YES;
				GCC_WARN_UNUSED_VARIABLE = YES;
				IPHONEOS_DEPLOYMENT_TARGET = 10.1;
				MTL_ENABLE_DEBUG_INFO = NO;
				SDKROOT = iphoneos;
				SWIFT_OPTIMIZATION_LEVEL = "-Owholemodule";
				TARGETED_DEVICE_FAMILY = "1,2";
				VALIDATE_PRODUCT = YES;
			};
			name = Release;
		};
		347AB9F71DE167F300C439A3 /* Debug */ = {
			isa = XCBuildConfiguration;
			buildSettings = {
				ASSETCATALOG_COMPILER_APPICON_NAME = AppIcon;
				INFOPLIST_FILE = SaveTheKittens/Info.plist;
				LD_RUNPATH_SEARCH_PATHS = "$(inherited) @executable_path/Frameworks";
				PRODUCT_BUNDLE_IDENTIFIER = MDB.SaveTheKittens;
				PRODUCT_NAME = "$(TARGET_NAME)";
				SWIFT_VERSION = 3.0;
			};
			name = Debug;
		};
		347AB9F81DE167F300C439A3 /* Release */ = {
			isa = XCBuildConfiguration;
			buildSettings = {
				ASSETCATALOG_COMPILER_APPICON_NAME = AppIcon;
				INFOPLIST_FILE = SaveTheKittens/Info.plist;
				LD_RUNPATH_SEARCH_PATHS = "$(inherited) @executable_path/Frameworks";
				PRODUCT_BUNDLE_IDENTIFIER = MDB.SaveTheKittens;
				PRODUCT_NAME = "$(TARGET_NAME)";
				SWIFT_VERSION = 3.0;
			};
			name = Release;
		};
		347AB9FA1DE167F300C439A3 /* Debug */ = {
			isa = XCBuildConfiguration;
			buildSettings = {
				ALWAYS_EMBED_SWIFT_STANDARD_LIBRARIES = YES;
				BUNDLE_LOADER = "$(TEST_HOST)";
				INFOPLIST_FILE = SaveTheKittensTests/Info.plist;
				LD_RUNPATH_SEARCH_PATHS = "$(inherited) @executable_path/Frameworks @loader_path/Frameworks";
				PRODUCT_BUNDLE_IDENTIFIER = MDB.SaveTheKittensTests;
				PRODUCT_NAME = "$(TARGET_NAME)";
				SWIFT_VERSION = 3.0;
				TEST_HOST = "$(BUILT_PRODUCTS_DIR)/SaveTheKittens.app/SaveTheKittens";
			};
			name = Debug;
		};
		347AB9FB1DE167F300C439A3 /* Release */ = {
			isa = XCBuildConfiguration;
			buildSettings = {
				ALWAYS_EMBED_SWIFT_STANDARD_LIBRARIES = YES;
				BUNDLE_LOADER = "$(TEST_HOST)";
				INFOPLIST_FILE = SaveTheKittensTests/Info.plist;
				LD_RUNPATH_SEARCH_PATHS = "$(inherited) @executable_path/Frameworks @loader_path/Frameworks";
				PRODUCT_BUNDLE_IDENTIFIER = MDB.SaveTheKittensTests;
				PRODUCT_NAME = "$(TARGET_NAME)";
				SWIFT_VERSION = 3.0;
				TEST_HOST = "$(BUILT_PRODUCTS_DIR)/SaveTheKittens.app/SaveTheKittens";
			};
			name = Release;
		};
		347AB9FD1DE167F300C439A3 /* Debug */ = {
			isa = XCBuildConfiguration;
			buildSettings = {
				ALWAYS_EMBED_SWIFT_STANDARD_LIBRARIES = YES;
				INFOPLIST_FILE = SaveTheKittensUITests/Info.plist;
				LD_RUNPATH_SEARCH_PATHS = "$(inherited) @executable_path/Frameworks @loader_path/Frameworks";
				PRODUCT_BUNDLE_IDENTIFIER = MDB.SaveTheKittensUITests;
				PRODUCT_NAME = "$(TARGET_NAME)";
				SWIFT_VERSION = 3.0;
				TEST_TARGET_NAME = SaveTheKittens;
			};
			name = Debug;
		};
		347AB9FE1DE167F300C439A3 /* Release */ = {
			isa = XCBuildConfiguration;
			buildSettings = {
				ALWAYS_EMBED_SWIFT_STANDARD_LIBRARIES = YES;
				INFOPLIST_FILE = SaveTheKittensUITests/Info.plist;
				LD_RUNPATH_SEARCH_PATHS = "$(inherited) @executable_path/Frameworks @loader_path/Frameworks";
				PRODUCT_BUNDLE_IDENTIFIER = MDB.SaveTheKittensUITests;
				PRODUCT_NAME = "$(TARGET_NAME)";
				SWIFT_VERSION = 3.0;
				TEST_TARGET_NAME = SaveTheKittens;
			};
			name = Release;
		};
/* End XCBuildConfiguration section */

/* Begin XCConfigurationList section */
		347AB9C91DE167F200C439A3 /* Build configuration list for PBXProject "SaveTheKittens" */ = {
			isa = XCConfigurationList;
			buildConfigurations = (
				347AB9F41DE167F300C439A3 /* Debug */,
				347AB9F51DE167F300C439A3 /* Release */,
			);
			defaultConfigurationIsVisible = 0;
			defaultConfigurationName = Release;
		};
		347AB9F61DE167F300C439A3 /* Build configuration list for PBXNativeTarget "SaveTheKittens" */ = {
			isa = XCConfigurationList;
			buildConfigurations = (
				347AB9F71DE167F300C439A3 /* Debug */,
				347AB9F81DE167F300C439A3 /* Release */,
			);
			defaultConfigurationIsVisible = 0;
		};
		347AB9F91DE167F300C439A3 /* Build configuration list for PBXNativeTarget "SaveTheKittensTests" */ = {
			isa = XCConfigurationList;
			buildConfigurations = (
				347AB9FA1DE167F300C439A3 /* Debug */,
				347AB9FB1DE167F300C439A3 /* Release */,
			);
			defaultConfigurationIsVisible = 0;
		};
		347AB9FC1DE167F300C439A3 /* Build configuration list for PBXNativeTarget "SaveTheKittensUITests" */ = {
			isa = XCConfigurationList;
			buildConfigurations = (
				347AB9FD1DE167F300C439A3 /* Debug */,
				347AB9FE1DE167F300C439A3 /* Release */,
			);
			defaultConfigurationIsVisible = 0;
		};
/* End XCConfigurationList section */
	};
	rootObject = 347AB9C61DE167F200C439A3 /* Project object */;
}
